{
    "_meta": {
        "hash": {
            "sha256": "c56a21c4c61c0d4f5118bbdbc390e4024afef9166ced7c4936333e96dc050709"
        },
        "pipfile-spec": 6,
        "requires": {
            "python_version": "3.8"
        },
        "sources": [
            {
                "name": "pypi",
                "url": "https://pypi.org/simple",
                "verify_ssl": true
            }
        ]
    },
    "default": {
        "django": {
            "hashes": [
                "sha256:a787ee66f4b4cf8ed753661cabcec603989677fa3a107fcb7f15511a44bdb483",
                "sha256:f1a961b954d96bb24b397db4c35e9a128d12e044d6b57984c122282b592d508d"
            ],
            "index": "pypi",
            "version": "==1.11.17"
        },
        "pytz": {
            "hashes": [
                "sha256:a494d53b6d39c3c6e44c3bec237336e14305e4f29bbf800b599253057fbb79ed",
                "sha256:c35965d010ce31b23eeb663ed3cc8c906275d6be1a34393a1d73a41febf4a048"
            ],
            "version": "==2020.1"
        },
        "requests": {
            "hashes": [
                "sha256:8b9b147f3dff1fc4055ff794ff931f735ed25e87efe667ed7c845a4bafae9b73",
                "sha256:b2ff053e93ef11ea08b0e596a1618487c4e4c5f1006d7a1706e3671c57dea385"
            ],
            "index": "pypi",
            "version": "==2.11.0"
        },
        "six": {
            "hashes": [
                "sha256:0ff78c403d9bccf5a425a6d31a12aa6b47f1c21ca4dc2573a7e2f32a97335eb1",
                "sha256:105f8d68616f8248e24bf0e9372ef04d3cc10104f1980f54d57b2ce73a5ad56a"
            ],
            "index": "pypi",
            "version": "==1.10.0"
        },
        "slackclient": {
            "hashes": [
                "sha256:c06db3d8fcd35b48516a7451a0e905e8dd60d5b210ac37cabeb12d17ee5f6c18"
            ],
            "index": "pypi",
            "version": "==1.0.0"
        },
        "websocket-client": {
            "hashes": [
                "sha256:678b246d816b94018af5297e72915160e2feb042e0cde1a9397f502ac3a52f41"
            ],
            "index": "pypi",
            "version": "==0.37.0"
        }
    },
    "develop": {}
}
